// !$*UTF8*$!
{
	archiveVersion = 1;
	classes = {
	};
	objectVersion = 52;
	objects = {

/* Begin PBXBuildFile section */
		AA090CDFC71D38419DED9B8C /* Pods_DriverApp.framework in Frameworks */ = {isa = PBXBuildFile; fileRef = F47CDD454A99F9044645D9EE /* Pods_DriverApp.framework */; };
		B308DB5F255794B30088D741 /* PlanVc.swift in Sources */ = {isa = PBXBuildFile; fileRef = B308DB5E255794B30088D741 /* PlanVc.swift */; };
		B31AF18625393DF800D693D3 /* LoginViewModel.swift in Sources */ = {isa = PBXBuildFile; fileRef = B31AF18525393DF800D693D3 /* LoginViewModel.swift */; };
		B31AF18A2539424C00D693D3 /* LoginModel.swift in Sources */ = {isa = PBXBuildFile; fileRef = B31AF1892539424C00D693D3 /* LoginModel.swift */; };
		B31AF1A62539F6FD00D693D3 /* UserModel.swift in Sources */ = {isa = PBXBuildFile; fileRef = B31AF1A52539F6FD00D693D3 /* UserModel.swift */; };
		B31AF1A92539F90F00D693D3 /* ProfileViewModel.swift in Sources */ = {isa = PBXBuildFile; fileRef = B31AF1A82539F90F00D693D3 /* ProfileViewModel.swift */; };
		B31E53A22587292C004875F2 /* Pangesture.swift in Sources */ = {isa = PBXBuildFile; fileRef = B31E53A12587292B004875F2 /* Pangesture.swift */; };
		B31E53C5258741A8004875F2 /* ChatView.swift in Sources */ = {isa = PBXBuildFile; fileRef = B31E53C4258741A8004875F2 /* ChatView.swift */; };
		B32407FB25677A6D00BFF72D /* EditEmail.swift in Sources */ = {isa = PBXBuildFile; fileRef = B32407FA25677A6C00BFF72D /* EditEmail.swift */; };
		B326FF712560F0D00067C0DE /* CheckoutNoteView.swift in Sources */ = {isa = PBXBuildFile; fileRef = B326FF702560F0D00067C0DE /* CheckoutNoteView.swift */; };
		B326FF7425612CF00067C0DE /* RestView.swift in Sources */ = {isa = PBXBuildFile; fileRef = B326FF7325612CF00067C0DE /* RestView.swift */; };
		B328BB9B2550168C00FACA03 /* ActionCell.swift in Sources */ = {isa = PBXBuildFile; fileRef = B328BB9A2550168C00FACA03 /* ActionCell.swift */; };
		B32944C72541EFED0040E90C /* NoteViewModel.swift in Sources */ = {isa = PBXBuildFile; fileRef = B32944C62541EFED0040E90C /* NoteViewModel.swift */; };
		B32944CA2541F8710040E90C /* NoteModel.swift in Sources */ = {isa = PBXBuildFile; fileRef = B32944C92541F8710040E90C /* NoteModel.swift */; };
		B32944CE254205330040E90C /* NoteCell.swift in Sources */ = {isa = PBXBuildFile; fileRef = B32944CD254205330040E90C /* NoteCell.swift */; };
		B32944D1254213520040E90C /* EditProfileVc.swift in Sources */ = {isa = PBXBuildFile; fileRef = B32944D0254213520040E90C /* EditProfileVc.swift */; };
		B32A388725383207000EFBB6 /* HistoryViewController.swift in Sources */ = {isa = PBXBuildFile; fileRef = B32A388625383207000EFBB6 /* HistoryViewController.swift */; };
		B32A3891253836C7000EFBB6 /* OrderTableViewCell.swift in Sources */ = {isa = PBXBuildFile; fileRef = B32A3890253836C7000EFBB6 /* OrderTableViewCell.swift */; };
		B32A389525386C2E000EFBB6 /* AesEverywhere in Frameworks */ = {isa = PBXBuildFile; productRef = B32A389425386C2E000EFBB6 /* AesEverywhere */; };
		B335EC1E257104230082DF1D /* TabBarView.swift in Sources */ = {isa = PBXBuildFile; fileRef = B335EC1D257104230082DF1D /* TabBarView.swift */; };
		B33B1B0125434D73007BDD3A /* PopUpView.swift in Sources */ = {isa = PBXBuildFile; fileRef = B33B1B0025434D73007BDD3A /* PopUpView.swift */; };
		B33B1B0A2543747C007BDD3A /* ChatViewModel.swift in Sources */ = {isa = PBXBuildFile; fileRef = B33B1B092543747C007BDD3A /* ChatViewModel.swift */; };
		B33B1B0D2543748A007BDD3A /* ChatModel.swift in Sources */ = {isa = PBXBuildFile; fileRef = B33B1B0C2543748A007BDD3A /* ChatModel.swift */; };
		B33DFEB72563A00A006AF898 /* RegisterModel.swift in Sources */ = {isa = PBXBuildFile; fileRef = B33DFEB62563A00A006AF898 /* RegisterModel.swift */; };
		B33DFEBA2563A01D006AF898 /* RegisterViewModel.swift in Sources */ = {isa = PBXBuildFile; fileRef = B33DFEB92563A01D006AF898 /* RegisterViewModel.swift */; };
		B345DE2E258B349C00AE87B0 /* Localizable.strings in Resources */ = {isa = PBXBuildFile; fileRef = B345DE30258B349C00AE87B0 /* Localizable.strings */; };
		B348E8EA2588B0FE00133CB8 /* CustomCellChat.swift in Sources */ = {isa = PBXBuildFile; fileRef = B348E8E82588B0FE00133CB8 /* CustomCellChat.swift */; };
		B348E8EB2588B0FE00133CB8 /* CustomCellChat.xib in Resources */ = {isa = PBXBuildFile; fileRef = B348E8E92588B0FE00133CB8 /* CustomCellChat.xib */; };
		B34F7A7525460932004AB82B /* PendingNoteVc.swift in Sources */ = {isa = PBXBuildFile; fileRef = B34F7A7425460932004AB82B /* PendingNoteVc.swift */; };
		B34F7A7925461F8D004AB82B /* DoneViewController.swift in Sources */ = {isa = PBXBuildFile; fileRef = B34F7A7825461F8D004AB82B /* DoneViewController.swift */; };
		B34F7A7D25461F9B004AB82B /* RestViewController.swift in Sources */ = {isa = PBXBuildFile; fileRef = B34F7A7C25461F9B004AB82B /* RestViewController.swift */; };
		B35253C5253C309600AF71DF /* MapsModel.swift in Sources */ = {isa = PBXBuildFile; fileRef = B35253C4253C309600AF71DF /* MapsModel.swift */; };
		B35253C8253C30A900AF71DF /* MapsViewModel.swift in Sources */ = {isa = PBXBuildFile; fileRef = B35253C7253C30A900AF71DF /* MapsViewModel.swift */; };
		B3530923255A536F00B68347 /* Base.swift in Sources */ = {isa = PBXBuildFile; fileRef = B3530922255A536F00B68347 /* Base.swift */; };
		B3530946255A631700B68347 /* RegisterView.swift in Sources */ = {isa = PBXBuildFile; fileRef = B3530945255A631700B68347 /* RegisterView.swift */; };
		B353094A255A632F00B68347 /* LoginView.swift in Sources */ = {isa = PBXBuildFile; fileRef = B3530949255A632F00B68347 /* LoginView.swift */; };
		B353094E255A76DF00B68347 /* EditNoteView.swift in Sources */ = {isa = PBXBuildFile; fileRef = B353094D255A76DF00B68347 /* EditNoteView.swift */; };
		B3530951255A898F00B68347 /* PreviewNoteView.swift in Sources */ = {isa = PBXBuildFile; fileRef = B3530950255A898F00B68347 /* PreviewNoteView.swift */; };
		B3544F1F253D3E0C00B6A001 /* ChangePasswordVC.swift in Sources */ = {isa = PBXBuildFile; fileRef = B3544F1E253D3E0C00B6A001 /* ChangePasswordVC.swift */; };
		B3544F23253D3ECD00B6A001 /* ProfileViewController.swift in Sources */ = {isa = PBXBuildFile; fileRef = B3544F22253D3ECD00B6A001 /* ProfileViewController.swift */; };
		B3544F26253D572700B6A001 /* CardViewController.swift in Sources */ = {isa = PBXBuildFile; fileRef = B3544F25253D572700B6A001 /* CardViewController.swift */; };
		B3544F31253D899B00B6A001 /* NotesVC.swift in Sources */ = {isa = PBXBuildFile; fileRef = B3544F30253D899B00B6A001 /* NotesVC.swift */; };
		B354B10E253B586000B5798B /* Helpers.swift in Sources */ = {isa = PBXBuildFile; fileRef = B354B10D253B586000B5798B /* Helpers.swift */; };
		B354B11B253B7B3600B5798B /* OrderModel.swift in Sources */ = {isa = PBXBuildFile; fileRef = B354B11A253B7B3600B5798B /* OrderModel.swift */; };
		B354B121253B8B3E00B5798B /* LiveTrackingVC.swift in Sources */ = {isa = PBXBuildFile; fileRef = B354B120253B8B3E00B5798B /* LiveTrackingVC.swift */; };
		B35598E62541ED2300866C10 /* OrderViewModel.swift in Sources */ = {isa = PBXBuildFile; fileRef = B35598E52541ED2300866C10 /* OrderViewModel.swift */; };
		B35642702566198800D3B644 /* EditVehicleView.swift in Sources */ = {isa = PBXBuildFile; fileRef = B356426F2566198800D3B644 /* EditVehicleView.swift */; };
		B35918302576079B005135A0 /* DetailView.swift in Sources */ = {isa = PBXBuildFile; fileRef = B359182E2576079B005135A0 /* DetailView.swift */; };
		B36C4FB92578B7BB002C4D06 /* PendingCell.swift in Sources */ = {isa = PBXBuildFile; fileRef = B36C4FB72578B7BB002C4D06 /* PendingCell.swift */; };
		B36C4FBA2578B7BB002C4D06 /* PendingCell.xib in Resources */ = {isa = PBXBuildFile; fileRef = B36C4FB82578B7BB002C4D06 /* PendingCell.xib */; };
		B36E09742536E11800F1B421 /* AppDelegate.swift in Sources */ = {isa = PBXBuildFile; fileRef = B36E09732536E11800F1B421 /* AppDelegate.swift */; };
		B36E09762536E11800F1B421 /* SceneDelegate.swift in Sources */ = {isa = PBXBuildFile; fileRef = B36E09752536E11800F1B421 /* SceneDelegate.swift */; };
		B36E097D2536E11B00F1B421 /* Assets.xcassets in Resources */ = {isa = PBXBuildFile; fileRef = B36E097C2536E11B00F1B421 /* Assets.xcassets */; };
		B36E09802536E11B00F1B421 /* LaunchScreen.storyboard in Resources */ = {isa = PBXBuildFile; fileRef = B36E097E2536E11B00F1B421 /* LaunchScreen.storyboard */; };
		B36E09932536E6CC00F1B421 /* MainVc.swift in Sources */ = {isa = PBXBuildFile; fileRef = B36E09922536E6CC00F1B421 /* MainVc.swift */; };
		B36E099B25371D7000F1B421 /* HomeVc.swift in Sources */ = {isa = PBXBuildFile; fileRef = B36E099A25371D7000F1B421 /* HomeVc.swift */; };
		B36E09A2253723E700F1B421 /* Protocols.swift in Sources */ = {isa = PBXBuildFile; fileRef = B36E09A1253723E700F1B421 /* Protocols.swift */; };
		B36F8CB52564BB7700B0D209 /* Validation.swift in Sources */ = {isa = PBXBuildFile; fileRef = B36F8CB42564BB7700B0D209 /* Validation.swift */; };
		B37431F5256219FC0010E0E4 /* PlanCell.swift in Sources */ = {isa = PBXBuildFile; fileRef = B37431F4256219FC0010E0E4 /* PlanCell.swift */; };
		B37BF2D52570B4DA00421DEB /* ScanCell.swift in Sources */ = {isa = PBXBuildFile; fileRef = B37BF2D32570B4DA00421DEB /* ScanCell.swift */; };
		B37BF2D62570B4DA00421DEB /* ScanCell.xib in Resources */ = {isa = PBXBuildFile; fileRef = B37BF2D42570B4DA00421DEB /* ScanCell.xib */; };
		B384A3DE256F624900D237CC /* OrderCell.swift in Sources */ = {isa = PBXBuildFile; fileRef = B384A3DC256F624900D237CC /* OrderCell.swift */; };
		B384A3DF256F624900D237CC /* OrderCell.xib in Resources */ = {isa = PBXBuildFile; fileRef = B384A3DD256F624900D237CC /* OrderCell.xib */; };
		B384A3E4256F9C2000D237CC /* ListScanView.swift in Sources */ = {isa = PBXBuildFile; fileRef = B384A3E3256F9C2000D237CC /* ListScanView.swift */; };
		B384A3E7256F9C6700D237CC /* InputCode.swift in Sources */ = {isa = PBXBuildFile; fileRef = B384A3E6256F9C6700D237CC /* InputCode.swift */; };
		B38C1B0B255E3EC10078EE83 /* ForgotViewModel.swift in Sources */ = {isa = PBXBuildFile; fileRef = B38C1B0A255E3EC10078EE83 /* ForgotViewModel.swift */; };
		B38C1B0E255E6B1E0078EE83 /* InOutViewModel.swift in Sources */ = {isa = PBXBuildFile; fileRef = B38C1B0D255E6B1E0078EE83 /* InOutViewModel.swift */; };
		B38C1B11255E6B360078EE83 /* InOutModel.swift in Sources */ = {isa = PBXBuildFile; fileRef = B38C1B10255E6B360078EE83 /* InOutModel.swift */; };
		B3A0521725773CBD00BC6FE0 /* Encrypt.swift in Sources */ = {isa = PBXBuildFile; fileRef = B3A0521625773CBD00BC6FE0 /* Encrypt.swift */; };
		B3A0521B2577794A00BC6FE0 /* Preview.swift in Sources */ = {isa = PBXBuildFile; fileRef = B3A0521A2577794A00BC6FE0 /* Preview.swift */; };
		B3ABAF0325748EB100A7B80B /* CameraScanView.swift in Sources */ = {isa = PBXBuildFile; fileRef = B3ABAF0225748EB100A7B80B /* CameraScanView.swift */; };
		B3B9D58F256E00DE0056D867 /* SelectShift.swift in Sources */ = {isa = PBXBuildFile; fileRef = B3B9D58D256E00DE0056D867 /* SelectShift.swift */; };
		B3B9D590256E00DE0056D867 /* SelectShift.xib in Resources */ = {isa = PBXBuildFile; fileRef = B3B9D58E256E00DE0056D867 /* SelectShift.xib */; };
		B3B9D593256E07260056D867 /* PresentationController.swift in Sources */ = {isa = PBXBuildFile; fileRef = B3B9D592256E07260056D867 /* PresentationController.swift */; };
		B3B9D596256E107A0056D867 /* ShiftTimeCell.swift in Sources */ = {isa = PBXBuildFile; fileRef = B3B9D595256E107A0056D867 /* ShiftTimeCell.swift */; };
		B3B9D59B256E41910056D867 /* ForgotView.swift in Sources */ = {isa = PBXBuildFile; fileRef = B3B9D599256E41910056D867 /* ForgotView.swift */; };
		B3B9D59C256E41910056D867 /* ForgotView.xib in Resources */ = {isa = PBXBuildFile; fileRef = B3B9D59A256E41910056D867 /* ForgotView.xib */; };
		B3CEF63C25904829004F0343 /* Response.swift in Sources */ = {isa = PBXBuildFile; fileRef = B3CEF63B25904829004F0343 /* Response.swift */; };
		B3CEF6572590954E004F0343 /* PendingListView.swift in Sources */ = {isa = PBXBuildFile; fileRef = B3CEF6562590954E004F0343 /* PendingListView.swift */; };
		B3DE97982555364400A30892 /* DayOffVc.swift in Sources */ = {isa = PBXBuildFile; fileRef = B3DE97972555364400A30892 /* DayOffVc.swift */; };
		B3DE979D255536EC00A30892 /* DayOffViewModel.swift in Sources */ = {isa = PBXBuildFile; fileRef = B3DE979C255536EC00A30892 /* DayOffViewModel.swift */; };
		B3DE97A02555379300A30892 /* DayOffModel.swift in Sources */ = {isa = PBXBuildFile; fileRef = B3DE979F2555379300A30892 /* DayOffModel.swift */; };
		B3DE97A32555611B00A30892 /* ShiftCell.swift in Sources */ = {isa = PBXBuildFile; fileRef = B3DE97A22555611B00A30892 /* ShiftCell.swift */; };
		B3DFFD83256D01F700B3C2D0 /* ShiftTimeModel.swift in Sources */ = {isa = PBXBuildFile; fileRef = B3DFFD82256D01F700B3C2D0 /* ShiftTimeModel.swift */; };
		B3DFFD86256D02E000B3C2D0 /* ShiftTimeViewModel.swift in Sources */ = {isa = PBXBuildFile; fileRef = B3DFFD85256D02E000B3C2D0 /* ShiftTimeViewModel.swift */; };
		B3E256422589AD0D00CDED81 /* ImageCell.swift in Sources */ = {isa = PBXBuildFile; fileRef = B3E256402589AD0D00CDED81 /* ImageCell.swift */; };
		B3E256432589AD0D00CDED81 /* ImageCell.xib in Resources */ = {isa = PBXBuildFile; fileRef = B3E256412589AD0D00CDED81 /* ImageCell.xib */; };
		B3E256472589B56900CDED81 /* QuickCell.swift in Sources */ = {isa = PBXBuildFile; fileRef = B3E256452589B56900CDED81 /* QuickCell.swift */; };
		B3E256482589B56900CDED81 /* QuickCell.xib in Resources */ = {isa = PBXBuildFile; fileRef = B3E256462589B56900CDED81 /* QuickCell.xib */; };
		B3EC8985256B5E3C00D1618D /* Reusable.swift in Sources */ = {isa = PBXBuildFile; fileRef = B3EC8984256B5E3C00D1618D /* Reusable.swift */; };
		B3EC8989256B5ECB00D1618D /* Constraint.swift in Sources */ = {isa = PBXBuildFile; fileRef = B3EC8988256B5ECB00D1618D /* Constraint.swift */; };
		B3F79C832573628E003455D1 /* GoogleService-Info.plist in Resources */ = {isa = PBXBuildFile; fileRef = B3F79C822573628E003455D1 /* GoogleService-Info.plist */; };
		B3F79C872573A542003455D1 /* DatabaseManager.swift in Sources */ = {isa = PBXBuildFile; fileRef = B3F79C862573A542003455D1 /* DatabaseManager.swift */; };
		B3F79C8C2573BD31003455D1 /* HistoryCell.swift in Sources */ = {isa = PBXBuildFile; fileRef = B3F79C8A2573BD31003455D1 /* HistoryCell.swift */; };
		B3F79C8D2573BD31003455D1 /* HistoryCell.xib in Resources */ = {isa = PBXBuildFile; fileRef = B3F79C8B2573BD31003455D1 /* HistoryCell.xib */; };
		B3F79C922573E3C0003455D1 /* ForgotPassword.swift in Sources */ = {isa = PBXBuildFile; fileRef = B3F79C912573E3C0003455D1 /* ForgotPassword.swift */; };
/* End PBXBuildFile section */

/* Begin PBXFileReference section */
		099DA34B7635DDCE49EB81A0 /* Pods-DriverApp.debug.xcconfig */ = {isa = PBXFileReference; includeInIndex = 1; lastKnownFileType = text.xcconfig; name = "Pods-DriverApp.debug.xcconfig"; path = "Target Support Files/Pods-DriverApp/Pods-DriverApp.debug.xcconfig"; sourceTree = "<group>"; };
		B308DB5E255794B30088D741 /* PlanVc.swift */ = {isa = PBXFileReference; lastKnownFileType = sourcecode.swift; path = PlanVc.swift; sourceTree = "<group>"; };
		B31AF18525393DF800D693D3 /* LoginViewModel.swift */ = {isa = PBXFileReference; lastKnownFileType = sourcecode.swift; path = LoginViewModel.swift; sourceTree = "<group>"; };
		B31AF1892539424C00D693D3 /* LoginModel.swift */ = {isa = PBXFileReference; lastKnownFileType = sourcecode.swift; path = LoginModel.swift; sourceTree = "<group>"; };
		B31AF1A52539F6FD00D693D3 /* UserModel.swift */ = {isa = PBXFileReference; lastKnownFileType = sourcecode.swift; path = UserModel.swift; sourceTree = "<group>"; };
		B31AF1A82539F90F00D693D3 /* ProfileViewModel.swift */ = {isa = PBXFileReference; lastKnownFileType = sourcecode.swift; path = ProfileViewModel.swift; sourceTree = "<group>"; };
		B31E53A12587292B004875F2 /* Pangesture.swift */ = {isa = PBXFileReference; lastKnownFileType = sourcecode.swift; path = Pangesture.swift; sourceTree = "<group>"; };
		B31E53C4258741A8004875F2 /* ChatView.swift */ = {isa = PBXFileReference; lastKnownFileType = sourcecode.swift; path = ChatView.swift; sourceTree = "<group>"; };
		B32407FA25677A6C00BFF72D /* EditEmail.swift */ = {isa = PBXFileReference; lastKnownFileType = sourcecode.swift; path = EditEmail.swift; sourceTree = "<group>"; };
		B326FF702560F0D00067C0DE /* CheckoutNoteView.swift */ = {isa = PBXFileReference; lastKnownFileType = sourcecode.swift; path = CheckoutNoteView.swift; sourceTree = "<group>"; };
		B326FF7325612CF00067C0DE /* RestView.swift */ = {isa = PBXFileReference; lastKnownFileType = sourcecode.swift; path = RestView.swift; sourceTree = "<group>"; };
		B328BB9A2550168C00FACA03 /* ActionCell.swift */ = {isa = PBXFileReference; lastKnownFileType = sourcecode.swift; path = ActionCell.swift; sourceTree = "<group>"; };
		B32944C62541EFED0040E90C /* NoteViewModel.swift */ = {isa = PBXFileReference; lastKnownFileType = sourcecode.swift; path = NoteViewModel.swift; sourceTree = "<group>"; };
		B32944C92541F8710040E90C /* NoteModel.swift */ = {isa = PBXFileReference; lastKnownFileType = sourcecode.swift; path = NoteModel.swift; sourceTree = "<group>"; };
		B32944CD254205330040E90C /* NoteCell.swift */ = {isa = PBXFileReference; lastKnownFileType = sourcecode.swift; path = NoteCell.swift; sourceTree = "<group>"; };
		B32944D0254213520040E90C /* EditProfileVc.swift */ = {isa = PBXFileReference; lastKnownFileType = sourcecode.swift; path = EditProfileVc.swift; sourceTree = "<group>"; };
		B32A388625383207000EFBB6 /* HistoryViewController.swift */ = {isa = PBXFileReference; lastKnownFileType = sourcecode.swift; path = HistoryViewController.swift; sourceTree = "<group>"; };
		B32A3890253836C7000EFBB6 /* OrderTableViewCell.swift */ = {isa = PBXFileReference; lastKnownFileType = sourcecode.swift; path = OrderTableViewCell.swift; sourceTree = "<group>"; };
		B335EC1D257104230082DF1D /* TabBarView.swift */ = {isa = PBXFileReference; lastKnownFileType = sourcecode.swift; path = TabBarView.swift; sourceTree = "<group>"; };
		B33B1B0025434D73007BDD3A /* PopUpView.swift */ = {isa = PBXFileReference; lastKnownFileType = sourcecode.swift; path = PopUpView.swift; sourceTree = "<group>"; };
		B33B1B092543747C007BDD3A /* ChatViewModel.swift */ = {isa = PBXFileReference; lastKnownFileType = sourcecode.swift; path = ChatViewModel.swift; sourceTree = "<group>"; };
		B33B1B0C2543748A007BDD3A /* ChatModel.swift */ = {isa = PBXFileReference; lastKnownFileType = sourcecode.swift; path = ChatModel.swift; sourceTree = "<group>"; };
		B33DFEB62563A00A006AF898 /* RegisterModel.swift */ = {isa = PBXFileReference; lastKnownFileType = sourcecode.swift; path = RegisterModel.swift; sourceTree = "<group>"; };
		B33DFEB92563A01D006AF898 /* RegisterViewModel.swift */ = {isa = PBXFileReference; lastKnownFileType = sourcecode.swift; path = RegisterViewModel.swift; sourceTree = "<group>"; };
		B345DE2F258B349C00AE87B0 /* en */ = {isa = PBXFileReference; lastKnownFileType = text.plist.strings; name = en; path = en.lproj/Localizable.strings; sourceTree = "<group>"; };
		B345DE31258B34FE00AE87B0 /* ja */ = {isa = PBXFileReference; lastKnownFileType = text.plist.strings; name = ja; path = ja.lproj/Localizable.strings; sourceTree = "<group>"; };
		B348E8E82588B0FE00133CB8 /* CustomCellChat.swift */ = {isa = PBXFileReference; lastKnownFileType = sourcecode.swift; path = CustomCellChat.swift; sourceTree = "<group>"; };
		B348E8E92588B0FE00133CB8 /* CustomCellChat.xib */ = {isa = PBXFileReference; lastKnownFileType = file.xib; path = CustomCellChat.xib; sourceTree = "<group>"; };
		B34F7A7425460932004AB82B /* PendingNoteVc.swift */ = {isa = PBXFileReference; lastKnownFileType = sourcecode.swift; path = PendingNoteVc.swift; sourceTree = "<group>"; };
		B34F7A7825461F8D004AB82B /* DoneViewController.swift */ = {isa = PBXFileReference; lastKnownFileType = sourcecode.swift; path = DoneViewController.swift; sourceTree = "<group>"; };
		B34F7A7C25461F9B004AB82B /* RestViewController.swift */ = {isa = PBXFileReference; lastKnownFileType = sourcecode.swift; path = RestViewController.swift; sourceTree = "<group>"; };
		B35253C4253C309600AF71DF /* MapsModel.swift */ = {isa = PBXFileReference; lastKnownFileType = sourcecode.swift; path = MapsModel.swift; sourceTree = "<group>"; };
		B35253C7253C30A900AF71DF /* MapsViewModel.swift */ = {isa = PBXFileReference; lastKnownFileType = sourcecode.swift; path = MapsViewModel.swift; sourceTree = "<group>"; };
		B3530922255A536F00B68347 /* Base.swift */ = {isa = PBXFileReference; lastKnownFileType = sourcecode.swift; path = Base.swift; sourceTree = "<group>"; };
		B3530945255A631700B68347 /* RegisterView.swift */ = {isa = PBXFileReference; lastKnownFileType = sourcecode.swift; path = RegisterView.swift; sourceTree = "<group>"; };
		B3530949255A632F00B68347 /* LoginView.swift */ = {isa = PBXFileReference; lastKnownFileType = sourcecode.swift; path = LoginView.swift; sourceTree = "<group>"; };
		B353094D255A76DF00B68347 /* EditNoteView.swift */ = {isa = PBXFileReference; lastKnownFileType = sourcecode.swift; path = EditNoteView.swift; sourceTree = "<group>"; };
		B3530950255A898F00B68347 /* PreviewNoteView.swift */ = {isa = PBXFileReference; lastKnownFileType = sourcecode.swift; path = PreviewNoteView.swift; sourceTree = "<group>"; };
		B3544F1E253D3E0C00B6A001 /* ChangePasswordVC.swift */ = {isa = PBXFileReference; lastKnownFileType = sourcecode.swift; path = ChangePasswordVC.swift; sourceTree = "<group>"; };
		B3544F22253D3ECD00B6A001 /* ProfileViewController.swift */ = {isa = PBXFileReference; lastKnownFileType = sourcecode.swift; path = ProfileViewController.swift; sourceTree = "<group>"; };
		B3544F25253D572700B6A001 /* CardViewController.swift */ = {isa = PBXFileReference; lastKnownFileType = sourcecode.swift; path = CardViewController.swift; sourceTree = "<group>"; };
		B3544F30253D899B00B6A001 /* NotesVC.swift */ = {isa = PBXFileReference; lastKnownFileType = sourcecode.swift; path = NotesVC.swift; sourceTree = "<group>"; };
		B354B10D253B586000B5798B /* Helpers.swift */ = {isa = PBXFileReference; lastKnownFileType = sourcecode.swift; path = Helpers.swift; sourceTree = "<group>"; };
		B354B11A253B7B3600B5798B /* OrderModel.swift */ = {isa = PBXFileReference; lastKnownFileType = sourcecode.swift; path = OrderModel.swift; sourceTree = "<group>"; };
		B354B120253B8B3E00B5798B /* LiveTrackingVC.swift */ = {isa = PBXFileReference; lastKnownFileType = sourcecode.swift; path = LiveTrackingVC.swift; sourceTree = "<group>"; };
		B35598E52541ED2300866C10 /* OrderViewModel.swift */ = {isa = PBXFileReference; lastKnownFileType = sourcecode.swift; path = OrderViewModel.swift; sourceTree = "<group>"; };
		B356426F2566198800D3B644 /* EditVehicleView.swift */ = {isa = PBXFileReference; lastKnownFileType = sourcecode.swift; path = EditVehicleView.swift; sourceTree = "<group>"; };
		B359182E2576079B005135A0 /* DetailView.swift */ = {isa = PBXFileReference; lastKnownFileType = sourcecode.swift; path = DetailView.swift; sourceTree = "<group>"; };
		B36C4FB72578B7BB002C4D06 /* PendingCell.swift */ = {isa = PBXFileReference; lastKnownFileType = sourcecode.swift; path = PendingCell.swift; sourceTree = "<group>"; };
		B36C4FB82578B7BB002C4D06 /* PendingCell.xib */ = {isa = PBXFileReference; lastKnownFileType = file.xib; path = PendingCell.xib; sourceTree = "<group>"; };
		B36E09702536E11800F1B421 /* DriverApp.app */ = {isa = PBXFileReference; explicitFileType = wrapper.application; includeInIndex = 0; path = DriverApp.app; sourceTree = BUILT_PRODUCTS_DIR; };
		B36E09732536E11800F1B421 /* AppDelegate.swift */ = {isa = PBXFileReference; lastKnownFileType = sourcecode.swift; path = AppDelegate.swift; sourceTree = "<group>"; };
		B36E09752536E11800F1B421 /* SceneDelegate.swift */ = {isa = PBXFileReference; lastKnownFileType = sourcecode.swift; path = SceneDelegate.swift; sourceTree = "<group>"; };
		B36E097C2536E11B00F1B421 /* Assets.xcassets */ = {isa = PBXFileReference; lastKnownFileType = folder.assetcatalog; path = Assets.xcassets; sourceTree = "<group>"; };
		B36E097F2536E11B00F1B421 /* Base */ = {isa = PBXFileReference; lastKnownFileType = file.storyboard; name = Base; path = Base.lproj/LaunchScreen.storyboard; sourceTree = "<group>"; };
		B36E09812536E11B00F1B421 /* Info.plist */ = {isa = PBXFileReference; lastKnownFileType = text.plist.xml; path = Info.plist; sourceTree = "<group>"; };
		B36E09922536E6CC00F1B421 /* MainVc.swift */ = {isa = PBXFileReference; lastKnownFileType = sourcecode.swift; path = MainVc.swift; sourceTree = "<group>"; };
		B36E099A25371D7000F1B421 /* HomeVc.swift */ = {isa = PBXFileReference; lastKnownFileType = sourcecode.swift; path = HomeVc.swift; sourceTree = "<group>"; };
		B36E09A1253723E700F1B421 /* Protocols.swift */ = {isa = PBXFileReference; lastKnownFileType = sourcecode.swift; path = Protocols.swift; sourceTree = "<group>"; };
		B36F8CB42564BB7700B0D209 /* Validation.swift */ = {isa = PBXFileReference; lastKnownFileType = sourcecode.swift; path = Validation.swift; sourceTree = "<group>"; };
		B37431F4256219FC0010E0E4 /* PlanCell.swift */ = {isa = PBXFileReference; lastKnownFileType = sourcecode.swift; path = PlanCell.swift; sourceTree = "<group>"; };
		B37BF2D32570B4DA00421DEB /* ScanCell.swift */ = {isa = PBXFileReference; lastKnownFileType = sourcecode.swift; path = ScanCell.swift; sourceTree = "<group>"; };
		B37BF2D42570B4DA00421DEB /* ScanCell.xib */ = {isa = PBXFileReference; lastKnownFileType = file.xib; path = ScanCell.xib; sourceTree = "<group>"; };
		B384A3DC256F624900D237CC /* OrderCell.swift */ = {isa = PBXFileReference; lastKnownFileType = sourcecode.swift; path = OrderCell.swift; sourceTree = "<group>"; };
		B384A3DD256F624900D237CC /* OrderCell.xib */ = {isa = PBXFileReference; lastKnownFileType = file.xib; path = OrderCell.xib; sourceTree = "<group>"; };
		B384A3E3256F9C2000D237CC /* ListScanView.swift */ = {isa = PBXFileReference; lastKnownFileType = sourcecode.swift; path = ListScanView.swift; sourceTree = "<group>"; };
		B384A3E6256F9C6700D237CC /* InputCode.swift */ = {isa = PBXFileReference; lastKnownFileType = sourcecode.swift; path = InputCode.swift; sourceTree = "<group>"; };
		B38C1B0A255E3EC10078EE83 /* ForgotViewModel.swift */ = {isa = PBXFileReference; lastKnownFileType = sourcecode.swift; path = ForgotViewModel.swift; sourceTree = "<group>"; };
		B38C1B0D255E6B1E0078EE83 /* InOutViewModel.swift */ = {isa = PBXFileReference; lastKnownFileType = sourcecode.swift; path = InOutViewModel.swift; sourceTree = "<group>"; };
		B38C1B10255E6B360078EE83 /* InOutModel.swift */ = {isa = PBXFileReference; lastKnownFileType = sourcecode.swift; path = InOutModel.swift; sourceTree = "<group>"; };
		B3A0521625773CBD00BC6FE0 /* Encrypt.swift */ = {isa = PBXFileReference; lastKnownFileType = sourcecode.swift; path = Encrypt.swift; sourceTree = "<group>"; };
		B3A0521A2577794A00BC6FE0 /* Preview.swift */ = {isa = PBXFileReference; lastKnownFileType = sourcecode.swift; path = Preview.swift; sourceTree = "<group>"; };
		B3ABAF0225748EB100A7B80B /* CameraScanView.swift */ = {isa = PBXFileReference; lastKnownFileType = sourcecode.swift; path = CameraScanView.swift; sourceTree = "<group>"; };
		B3B9D58D256E00DE0056D867 /* SelectShift.swift */ = {isa = PBXFileReference; lastKnownFileType = sourcecode.swift; path = SelectShift.swift; sourceTree = "<group>"; };
		B3B9D58E256E00DE0056D867 /* SelectShift.xib */ = {isa = PBXFileReference; lastKnownFileType = file.xib; path = SelectShift.xib; sourceTree = "<group>"; };
		B3B9D592256E07260056D867 /* PresentationController.swift */ = {isa = PBXFileReference; lastKnownFileType = sourcecode.swift; path = PresentationController.swift; sourceTree = "<group>"; };
		B3B9D595256E107A0056D867 /* ShiftTimeCell.swift */ = {isa = PBXFileReference; lastKnownFileType = sourcecode.swift; path = ShiftTimeCell.swift; sourceTree = "<group>"; };
		B3B9D599256E41910056D867 /* ForgotView.swift */ = {isa = PBXFileReference; lastKnownFileType = sourcecode.swift; path = ForgotView.swift; sourceTree = "<group>"; };
		B3B9D59A256E41910056D867 /* ForgotView.xib */ = {isa = PBXFileReference; lastKnownFileType = file.xib; path = ForgotView.xib; sourceTree = "<group>"; };
		B3CEF63B25904829004F0343 /* Response.swift */ = {isa = PBXFileReference; lastKnownFileType = sourcecode.swift; path = Response.swift; sourceTree = "<group>"; };
		B3CEF6562590954E004F0343 /* PendingListView.swift */ = {isa = PBXFileReference; lastKnownFileType = sourcecode.swift; path = PendingListView.swift; sourceTree = "<group>"; };
		B3DE97972555364400A30892 /* DayOffVc.swift */ = {isa = PBXFileReference; lastKnownFileType = sourcecode.swift; path = DayOffVc.swift; sourceTree = "<group>"; };
		B3DE979C255536EC00A30892 /* DayOffViewModel.swift */ = {isa = PBXFileReference; lastKnownFileType = sourcecode.swift; path = DayOffViewModel.swift; sourceTree = "<group>"; };
		B3DE979F2555379300A30892 /* DayOffModel.swift */ = {isa = PBXFileReference; lastKnownFileType = sourcecode.swift; path = DayOffModel.swift; sourceTree = "<group>"; };
		B3DE97A22555611B00A30892 /* ShiftCell.swift */ = {isa = PBXFileReference; lastKnownFileType = sourcecode.swift; path = ShiftCell.swift; sourceTree = "<group>"; };
		B3DFFD82256D01F700B3C2D0 /* ShiftTimeModel.swift */ = {isa = PBXFileReference; lastKnownFileType = sourcecode.swift; path = ShiftTimeModel.swift; sourceTree = "<group>"; };
		B3DFFD85256D02E000B3C2D0 /* ShiftTimeViewModel.swift */ = {isa = PBXFileReference; lastKnownFileType = sourcecode.swift; path = ShiftTimeViewModel.swift; sourceTree = "<group>"; };
		B3E256402589AD0D00CDED81 /* ImageCell.swift */ = {isa = PBXFileReference; lastKnownFileType = sourcecode.swift; path = ImageCell.swift; sourceTree = "<group>"; };
		B3E256412589AD0D00CDED81 /* ImageCell.xib */ = {isa = PBXFileReference; lastKnownFileType = file.xib; path = ImageCell.xib; sourceTree = "<group>"; };
		B3E256452589B56900CDED81 /* QuickCell.swift */ = {isa = PBXFileReference; lastKnownFileType = sourcecode.swift; path = QuickCell.swift; sourceTree = "<group>"; };
		B3E256462589B56900CDED81 /* QuickCell.xib */ = {isa = PBXFileReference; lastKnownFileType = file.xib; path = QuickCell.xib; sourceTree = "<group>"; };
		B3EC8984256B5E3C00D1618D /* Reusable.swift */ = {isa = PBXFileReference; lastKnownFileType = sourcecode.swift; path = Reusable.swift; sourceTree = "<group>"; };
		B3EC8988256B5ECB00D1618D /* Constraint.swift */ = {isa = PBXFileReference; lastKnownFileType = sourcecode.swift; path = Constraint.swift; sourceTree = "<group>"; };
		B3F79C822573628E003455D1 /* GoogleService-Info.plist */ = {isa = PBXFileReference; lastKnownFileType = text.plist; path = "GoogleService-Info.plist"; sourceTree = SOURCE_ROOT; };
		B3F79C862573A542003455D1 /* DatabaseManager.swift */ = {isa = PBXFileReference; lastKnownFileType = sourcecode.swift; path = DatabaseManager.swift; sourceTree = "<group>"; };
		B3F79C8A2573BD31003455D1 /* HistoryCell.swift */ = {isa = PBXFileReference; lastKnownFileType = sourcecode.swift; path = HistoryCell.swift; sourceTree = "<group>"; };
		B3F79C8B2573BD31003455D1 /* HistoryCell.xib */ = {isa = PBXFileReference; lastKnownFileType = file.xib; path = HistoryCell.xib; sourceTree = "<group>"; };
		B3F79C912573E3C0003455D1 /* ForgotPassword.swift */ = {isa = PBXFileReference; lastKnownFileType = sourcecode.swift; path = ForgotPassword.swift; sourceTree = "<group>"; };
		DA329FD1DCFDA22A52414B86 /* Pods-DriverApp.release.xcconfig */ = {isa = PBXFileReference; includeInIndex = 1; lastKnownFileType = text.xcconfig; name = "Pods-DriverApp.release.xcconfig"; path = "Target Support Files/Pods-DriverApp/Pods-DriverApp.release.xcconfig"; sourceTree = "<group>"; };
		F47CDD454A99F9044645D9EE /* Pods_DriverApp.framework */ = {isa = PBXFileReference; explicitFileType = wrapper.framework; includeInIndex = 0; path = Pods_DriverApp.framework; sourceTree = BUILT_PRODUCTS_DIR; };
/* End PBXFileReference section */

/* Begin PBXFrameworksBuildPhase section */
		B36E096D2536E11800F1B421 /* Frameworks */ = {
			isa = PBXFrameworksBuildPhase;
			buildActionMask = 2147483647;
			files = (
				B32A389525386C2E000EFBB6 /* AesEverywhere in Frameworks */,
				AA090CDFC71D38419DED9B8C /* Pods_DriverApp.framework in Frameworks */,
			);
			runOnlyForDeploymentPostprocessing = 0;
		};
/* End PBXFrameworksBuildPhase section */

/* Begin PBXGroup section */
		9A361EB90A9834AC3BE79860 /* Frameworks */ = {
			isa = PBXGroup;
			children = (
				F47CDD454A99F9044645D9EE /* Pods_DriverApp.framework */,
			);
			name = Frameworks;
			sourceTree = "<group>";
		};
		B31E53C325874143004875F2 /* Messages */ = {
			isa = PBXGroup;
			children = (
				B31E53C4258741A8004875F2 /* ChatView.swift */,
			);
			path = Messages;
			sourceTree = "<group>";
		};
		B32A388F25383674000EFBB6 /* Components */ = {
			isa = PBXGroup;
			children = (
				B348E8E12588ABC400133CB8 /* Chat */,
				B3A052192577793300BC6FE0 /* Preview */,
				B3F79C902573E3A3003455D1 /* CutomModal */,
				B3F79C892573BD05003455D1 /* History */,
				B37BF2CE2570B49700421DEB /* Scan */,
				B384A3DB256F622400D237CC /* Order */,
				B3B9D58C256E00C20056D867 /* Shift */,
				B32A3890253836C7000EFBB6 /* OrderTableViewCell.swift */,
				B3544F25253D572700B6A001 /* CardViewController.swift */,
				B32944CD254205330040E90C /* NoteCell.swift */,
				B33B1B0025434D73007BDD3A /* PopUpView.swift */,
				B328BB9A2550168C00FACA03 /* ActionCell.swift */,
				B3DE97A22555611B00A30892 /* ShiftCell.swift */,
				B37431F4256219FC0010E0E4 /* PlanCell.swift */,
				B3B9D592256E07260056D867 /* PresentationController.swift */,
			);
			path = Components;
			sourceTree = "<group>";
		};
		B335EC1C257103E90082DF1D /* TabView */ = {
			isa = PBXGroup;
			children = (
				B335EC1D257104230082DF1D /* TabBarView.swift */,
			);
			path = TabView;
			sourceTree = "<group>";
		};
		B348E8E12588ABC400133CB8 /* Chat */ = {
			isa = PBXGroup;
			children = (
				B348E8E82588B0FE00133CB8 /* CustomCellChat.swift */,
				B348E8E92588B0FE00133CB8 /* CustomCellChat.xib */,
				B3E256402589AD0D00CDED81 /* ImageCell.swift */,
				B3E256412589AD0D00CDED81 /* ImageCell.xib */,
				B3E256452589B56900CDED81 /* QuickCell.swift */,
				B3E256462589B56900CDED81 /* QuickCell.xib */,
			);
			path = Chat;
			sourceTree = "<group>";
		};
		B34F7A7725461F6D004AB82B /* Status */ = {
			isa = PBXGroup;
			children = (
				B34F7A7825461F8D004AB82B /* DoneViewController.swift */,
				B34F7A7C25461F9B004AB82B /* RestViewController.swift */,
				B326FF7325612CF00067C0DE /* RestView.swift */,
			);
			path = Status;
			sourceTree = "<group>";
		};
		B3530942255A62EB00B68347 /* Login */ = {
			isa = PBXGroup;
			children = (
				B3530949255A632F00B68347 /* LoginView.swift */,
			);
			path = Login;
			sourceTree = "<group>";
		};
		B3530943255A62F100B68347 /* Register */ = {
			isa = PBXGroup;
			children = (
				B3530945255A631700B68347 /* RegisterView.swift */,
			);
			path = Register;
			sourceTree = "<group>";
		};
		B3530944255A62F900B68347 /* ForgetPassword */ = {
			isa = PBXGroup;
			children = (
				B3B9D599256E41910056D867 /* ForgotView.swift */,
				B3B9D59A256E41910056D867 /* ForgotView.xib */,
			);
			path = ForgetPassword;
			sourceTree = "<group>";
		};
		B3544F1D253D3DE100B6A001 /* Profile */ = {
			isa = PBXGroup;
			children = (
				B3544F1E253D3E0C00B6A001 /* ChangePasswordVC.swift */,
				B3544F22253D3ECD00B6A001 /* ProfileViewController.swift */,
				B32944D0254213520040E90C /* EditProfileVc.swift */,
				B356426F2566198800D3B644 /* EditVehicleView.swift */,
				B32407FA25677A6C00BFF72D /* EditEmail.swift */,
			);
			path = Profile;
			sourceTree = "<group>";
		};
		B3544F2D253D894800B6A001 /* Notes */ = {
			isa = PBXGroup;
			children = (
				B3544F30253D899B00B6A001 /* NotesVC.swift */,
				B34F7A7425460932004AB82B /* PendingNoteVc.swift */,
				B353094D255A76DF00B68347 /* EditNoteView.swift */,
				B3530950255A898F00B68347 /* PreviewNoteView.swift */,
				B326FF702560F0D00067C0DE /* CheckoutNoteView.swift */,
				B3CEF6562590954E004F0343 /* PendingListView.swift */,
			);
			path = Notes;
			sourceTree = "<group>";
		};
		B359182D2576077B005135A0 /* Delivery */ = {
			isa = PBXGroup;
			children = (
				B359182E2576079B005135A0 /* DetailView.swift */,
			);
			path = Delivery;
			sourceTree = "<group>";
		};
		B36E09672536E11800F1B421 = {
			isa = PBXGroup;
			children = (
				B36E09722536E11800F1B421 /* DriverApp */,
				B36E09712536E11800F1B421 /* Products */,
				F4DF3A4E1BE601397296818F /* Pods */,
				9A361EB90A9834AC3BE79860 /* Frameworks */,
			);
			sourceTree = "<group>";
		};
		B36E09712536E11800F1B421 /* Products */ = {
			isa = PBXGroup;
			children = (
				B36E09702536E11800F1B421 /* DriverApp.app */,
			);
			name = Products;
			sourceTree = "<group>";
		};
		B36E09722536E11800F1B421 /* DriverApp */ = {
			isa = PBXGroup;
			children = (
				B3F79C822573628E003455D1 /* GoogleService-Info.plist */,
				B32A388F25383674000EFBB6 /* Components */,
				B36E09A0253723CF00F1B421 /* Utils */,
				B36E098C2536E48300F1B421 /* ViewModel */,
				B36E098B2536E47700F1B421 /* Model */,
				B36E098A2536E47100F1B421 /* View */,
				B36E09732536E11800F1B421 /* AppDelegate.swift */,
				B36E09752536E11800F1B421 /* SceneDelegate.swift */,
				B36E097C2536E11B00F1B421 /* Assets.xcassets */,
				B36E097E2536E11B00F1B421 /* LaunchScreen.storyboard */,
				B36E09812536E11B00F1B421 /* Info.plist */,
				B345DE30258B349C00AE87B0 /* Localizable.strings */,
			);
			path = DriverApp;
			sourceTree = "<group>";
		};
		B36E098A2536E47100F1B421 /* View */ = {
			isa = PBXGroup;
			children = (
				B31E53C325874143004875F2 /* Messages */,
				B359182D2576077B005135A0 /* Delivery */,
				B335EC1C257103E90082DF1D /* TabView */,
				B384A3E2256F9BF300D237CC /* ScanStuff */,
				B3530944255A62F900B68347 /* ForgetPassword */,
				B3530943255A62F100B68347 /* Register */,
				B3530942255A62EB00B68347 /* Login */,
				B3DE97962555360000A30892 /* DayOffScheduling */,
				B34F7A7725461F6D004AB82B /* Status */,
				B3544F2D253D894800B6A001 /* Notes */,
				B3544F1D253D3DE100B6A001 /* Profile */,
				B36E09922536E6CC00F1B421 /* MainVc.swift */,
				B36E099A25371D7000F1B421 /* HomeVc.swift */,
				B32A388625383207000EFBB6 /* HistoryViewController.swift */,
				B354B120253B8B3E00B5798B /* LiveTrackingVC.swift */,
			);
			path = View;
			sourceTree = "<group>";
		};
		B36E098B2536E47700F1B421 /* Model */ = {
			isa = PBXGroup;
			children = (
				B31AF1892539424C00D693D3 /* LoginModel.swift */,
				B31AF1A52539F6FD00D693D3 /* UserModel.swift */,
				B354B11A253B7B3600B5798B /* OrderModel.swift */,
				B35253C4253C309600AF71DF /* MapsModel.swift */,
				B32944C92541F8710040E90C /* NoteModel.swift */,
				B33B1B0C2543748A007BDD3A /* ChatModel.swift */,
				B3DE979F2555379300A30892 /* DayOffModel.swift */,
				B3530922255A536F00B68347 /* Base.swift */,
				B38C1B10255E6B360078EE83 /* InOutModel.swift */,
				B33DFEB62563A00A006AF898 /* RegisterModel.swift */,
				B3DFFD82256D01F700B3C2D0 /* ShiftTimeModel.swift */,
				B3CEF63B25904829004F0343 /* Response.swift */,
			);
			path = Model;
			sourceTree = "<group>";
		};
		B36E098C2536E48300F1B421 /* ViewModel */ = {
			isa = PBXGroup;
			children = (
				B31AF18525393DF800D693D3 /* LoginViewModel.swift */,
				B31AF1A82539F90F00D693D3 /* ProfileViewModel.swift */,
				B35253C7253C30A900AF71DF /* MapsViewModel.swift */,
				B35598E52541ED2300866C10 /* OrderViewModel.swift */,
				B32944C62541EFED0040E90C /* NoteViewModel.swift */,
				B33B1B092543747C007BDD3A /* ChatViewModel.swift */,
				B3DE979C255536EC00A30892 /* DayOffViewModel.swift */,
				B38C1B0A255E3EC10078EE83 /* ForgotViewModel.swift */,
				B38C1B0D255E6B1E0078EE83 /* InOutViewModel.swift */,
				B33DFEB92563A01D006AF898 /* RegisterViewModel.swift */,
				B3DFFD85256D02E000B3C2D0 /* ShiftTimeViewModel.swift */,
				B3F79C862573A542003455D1 /* DatabaseManager.swift */,
			);
			path = ViewModel;
			sourceTree = "<group>";
		};
		B36E09A0253723CF00F1B421 /* Utils */ = {
			isa = PBXGroup;
			children = (
				B36E09A1253723E700F1B421 /* Protocols.swift */,
				B354B10D253B586000B5798B /* Helpers.swift */,
				B36F8CB42564BB7700B0D209 /* Validation.swift */,
				B3EC8984256B5E3C00D1618D /* Reusable.swift */,
				B3EC8988256B5ECB00D1618D /* Constraint.swift */,
				B3A0521625773CBD00BC6FE0 /* Encrypt.swift */,
				B31E53A12587292B004875F2 /* Pangesture.swift */,
			);
			path = Utils;
			sourceTree = "<group>";
		};
		B37BF2CE2570B49700421DEB /* Scan */ = {
			isa = PBXGroup;
			children = (
				B37BF2D32570B4DA00421DEB /* ScanCell.swift */,
				B37BF2D42570B4DA00421DEB /* ScanCell.xib */,
			);
			path = Scan;
			sourceTree = "<group>";
		};
		B384A3DB256F622400D237CC /* Order */ = {
			isa = PBXGroup;
			children = (
				B384A3DC256F624900D237CC /* OrderCell.swift */,
				B384A3DD256F624900D237CC /* OrderCell.xib */,
				B36C4FB72578B7BB002C4D06 /* PendingCell.swift */,
				B36C4FB82578B7BB002C4D06 /* PendingCell.xib */,
			);
			path = Order;
			sourceTree = "<group>";
		};
		B384A3E2256F9BF300D237CC /* ScanStuff */ = {
			isa = PBXGroup;
			children = (
				B384A3E3256F9C2000D237CC /* ListScanView.swift */,
				B384A3E6256F9C6700D237CC /* InputCode.swift */,
				B3ABAF0225748EB100A7B80B /* CameraScanView.swift */,
			);
			path = ScanStuff;
			sourceTree = "<group>";
		};
		B3A052192577793300BC6FE0 /* Preview */ = {
			isa = PBXGroup;
			children = (
				B3A0521A2577794A00BC6FE0 /* Preview.swift */,
			);
			path = Preview;
			sourceTree = "<group>";
		};
		B3B9D58C256E00C20056D867 /* Shift */ = {
			isa = PBXGroup;
			children = (
				B3B9D58D256E00DE0056D867 /* SelectShift.swift */,
				B3B9D58E256E00DE0056D867 /* SelectShift.xib */,
				B3B9D595256E107A0056D867 /* ShiftTimeCell.swift */,
			);
			path = Shift;
			sourceTree = "<group>";
		};
		B3DE97962555360000A30892 /* DayOffScheduling */ = {
			isa = PBXGroup;
			children = (
				B3DE97972555364400A30892 /* DayOffVc.swift */,
				B308DB5E255794B30088D741 /* PlanVc.swift */,
			);
			path = DayOffScheduling;
			sourceTree = "<group>";
		};
		B3F79C892573BD05003455D1 /* History */ = {
			isa = PBXGroup;
			children = (
				B3F79C8A2573BD31003455D1 /* HistoryCell.swift */,
				B3F79C8B2573BD31003455D1 /* HistoryCell.xib */,
			);
			path = History;
			sourceTree = "<group>";
		};
		B3F79C902573E3A3003455D1 /* CutomModal */ = {
			isa = PBXGroup;
			children = (
				B3F79C912573E3C0003455D1 /* ForgotPassword.swift */,
			);
			path = CutomModal;
			sourceTree = "<group>";
		};
		F4DF3A4E1BE601397296818F /* Pods */ = {
			isa = PBXGroup;
			children = (
				099DA34B7635DDCE49EB81A0 /* Pods-DriverApp.debug.xcconfig */,
				DA329FD1DCFDA22A52414B86 /* Pods-DriverApp.release.xcconfig */,
			);
			path = Pods;
			sourceTree = "<group>";
		};
/* End PBXGroup section */

/* Begin PBXNativeTarget section */
		B36E096F2536E11800F1B421 /* DriverApp */ = {
			isa = PBXNativeTarget;
			buildConfigurationList = B36E09842536E11B00F1B421 /* Build configuration list for PBXNativeTarget "DriverApp" */;
			buildPhases = (
				DDCCC9F37415637E47AE504D /* [CP] Check Pods Manifest.lock */,
				B36E096C2536E11800F1B421 /* Sources */,
				B36E096D2536E11800F1B421 /* Frameworks */,
				B36E096E2536E11800F1B421 /* Resources */,
				B35599C22547DF100095CE76 /* Run Script */,
				DFAE8A930604A304BE407648 /* [CP] Embed Pods Frameworks */,
				629D74A8C8B4B75A47FB8FD0 /* [CP] Copy Pods Resources */,
			);
			buildRules = (
			);
			dependencies = (
			);
			name = DriverApp;
			packageProductDependencies = (
				B32A389425386C2E000EFBB6 /* AesEverywhere */,
			);
			productName = DriverApp;
			productReference = B36E09702536E11800F1B421 /* DriverApp.app */;
			productType = "com.apple.product-type.application";
		};
/* End PBXNativeTarget section */

/* Begin PBXProject section */
		B36E09682536E11800F1B421 /* Project object */ = {
			isa = PBXProject;
			attributes = {
				LastSwiftUpdateCheck = 1200;
				LastUpgradeCheck = 1200;
				TargetAttributes = {
					B36E096F2536E11800F1B421 = {
						CreatedOnToolsVersion = 12.0;
					};
				};
			};
			buildConfigurationList = B36E096B2536E11800F1B421 /* Build configuration list for PBXProject "DriverApp" */;
			compatibilityVersion = "Xcode 9.3";
			developmentRegion = en;
			hasScannedForEncodings = 0;
			knownRegions = (
				en,
				Base,
				ja,
			);
			mainGroup = B36E09672536E11800F1B421;
			packageReferences = (
				B32A389325386C2D000EFBB6 /* XCRemoteSwiftPackageReference "aes-everywhere-swift" */,
			);
			productRefGroup = B36E09712536E11800F1B421 /* Products */;
			projectDirPath = "";
			projectRoot = "";
			targets = (
				B36E096F2536E11800F1B421 /* DriverApp */,
			);
		};
/* End PBXProject section */

/* Begin PBXResourcesBuildPhase section */
		B36E096E2536E11800F1B421 /* Resources */ = {
			isa = PBXResourcesBuildPhase;
			buildActionMask = 2147483647;
			files = (
				B3B9D59C256E41910056D867 /* ForgotView.xib in Resources */,
				B36E09802536E11B00F1B421 /* LaunchScreen.storyboard in Resources */,
				B348E8EB2588B0FE00133CB8 /* CustomCellChat.xib in Resources */,
				B3E256482589B56900CDED81 /* QuickCell.xib in Resources */,
				B3F79C8D2573BD31003455D1 /* HistoryCell.xib in Resources */,
				B384A3DF256F624900D237CC /* OrderCell.xib in Resources */,
				B36C4FBA2578B7BB002C4D06 /* PendingCell.xib in Resources */,
				B3E256432589AD0D00CDED81 /* ImageCell.xib in Resources */,
				B37BF2D62570B4DA00421DEB /* ScanCell.xib in Resources */,
				B345DE2E258B349C00AE87B0 /* Localizable.strings in Resources */,
				B36E097D2536E11B00F1B421 /* Assets.xcassets in Resources */,
				B3B9D590256E00DE0056D867 /* SelectShift.xib in Resources */,
				B3F79C832573628E003455D1 /* GoogleService-Info.plist in Resources */,
			);
			runOnlyForDeploymentPostprocessing = 0;
		};
/* End PBXResourcesBuildPhase section */

/* Begin PBXShellScriptBuildPhase section */
		629D74A8C8B4B75A47FB8FD0 /* [CP] Copy Pods Resources */ = {
			isa = PBXShellScriptBuildPhase;
			buildActionMask = 2147483647;
			files = (
			);
			inputFileListPaths = (
				"${PODS_ROOT}/Target Support Files/Pods-DriverApp/Pods-DriverApp-resources-${CONFIGURATION}-input-files.xcfilelist",
			);
			name = "[CP] Copy Pods Resources";
			outputFileListPaths = (
				"${PODS_ROOT}/Target Support Files/Pods-DriverApp/Pods-DriverApp-resources-${CONFIGURATION}-output-files.xcfilelist",
			);
			runOnlyForDeploymentPostprocessing = 0;
			shellPath = /bin/sh;
			shellScript = "\"${PODS_ROOT}/Target Support Files/Pods-DriverApp/Pods-DriverApp-resources.sh\"\n";
			showEnvVarsInLog = 0;
		};
		B35599C22547DF100095CE76 /* Run Script */ = {
			isa = PBXShellScriptBuildPhase;
			buildActionMask = 2147483647;
			files = (
			);
			inputFileListPaths = (
			);
			inputPaths = (
				"$(SRCROOT)/$(BUILT_PRODUCTS_DIR)/$(INFOPLIST_PATH)",
				"${DWARF_DSYM_FOLDER_PATH}/${DWARF_DSYM_FILE_NAME}/Contents/Resources/DWARF/${TARGET_NAME}",
			);
			name = "Run Script";
			outputFileListPaths = (
			);
			outputPaths = (
			);
			runOnlyForDeploymentPostprocessing = 0;
			shellPath = /bin/sh;
			shellScript = "\"${PODS_ROOT}/FirebaseCrashlytics/run\"\n";
		};
		DDCCC9F37415637E47AE504D /* [CP] Check Pods Manifest.lock */ = {
			isa = PBXShellScriptBuildPhase;
			buildActionMask = 2147483647;
			files = (
			);
			inputFileListPaths = (
			);
			inputPaths = (
				"${PODS_PODFILE_DIR_PATH}/Podfile.lock",
				"${PODS_ROOT}/Manifest.lock",
			);
			name = "[CP] Check Pods Manifest.lock";
			outputFileListPaths = (
			);
			outputPaths = (
				"$(DERIVED_FILE_DIR)/Pods-DriverApp-checkManifestLockResult.txt",
			);
			runOnlyForDeploymentPostprocessing = 0;
			shellPath = /bin/sh;
			shellScript = "diff \"${PODS_PODFILE_DIR_PATH}/Podfile.lock\" \"${PODS_ROOT}/Manifest.lock\" > /dev/null\nif [ $? != 0 ] ; then\n    # print error to STDERR\n    echo \"error: The sandbox is not in sync with the Podfile.lock. Run 'pod install' or update your CocoaPods installation.\" >&2\n    exit 1\nfi\n# This output is used by Xcode 'outputs' to avoid re-running this script phase.\necho \"SUCCESS\" > \"${SCRIPT_OUTPUT_FILE_0}\"\n";
			showEnvVarsInLog = 0;
		};
		DFAE8A930604A304BE407648 /* [CP] Embed Pods Frameworks */ = {
			isa = PBXShellScriptBuildPhase;
			buildActionMask = 2147483647;
			files = (
			);
			inputFileListPaths = (
				"${PODS_ROOT}/Target Support Files/Pods-DriverApp/Pods-DriverApp-frameworks-${CONFIGURATION}-input-files.xcfilelist",
			);
			name = "[CP] Embed Pods Frameworks";
			outputFileListPaths = (
				"${PODS_ROOT}/Target Support Files/Pods-DriverApp/Pods-DriverApp-frameworks-${CONFIGURATION}-output-files.xcfilelist",
			);
			runOnlyForDeploymentPostprocessing = 0;
			shellPath = /bin/sh;
			shellScript = "\"${PODS_ROOT}/Target Support Files/Pods-DriverApp/Pods-DriverApp-frameworks.sh\"\n";
			showEnvVarsInLog = 0;
		};
/* End PBXShellScriptBuildPhase section */

/* Begin PBXSourcesBuildPhase section */
		B36E096C2536E11800F1B421 /* Sources */ = {
			isa = PBXSourcesBuildPhase;
			buildActionMask = 2147483647;
			files = (
				B34F7A7D25461F9B004AB82B /* RestViewController.swift in Sources */,
				B36E09742536E11800F1B421 /* AppDelegate.swift in Sources */,
				B354B10E253B586000B5798B /* Helpers.swift in Sources */,
				B32944C72541EFED0040E90C /* NoteViewModel.swift in Sources */,
				B35642702566198800D3B644 /* EditVehicleView.swift in Sources */,
				B353094A255A632F00B68347 /* LoginView.swift in Sources */,
				B36F8CB52564BB7700B0D209 /* Validation.swift in Sources */,
				B38C1B0E255E6B1E0078EE83 /* InOutViewModel.swift in Sources */,
				B3ABAF0325748EB100A7B80B /* CameraScanView.swift in Sources */,
				B36E099B25371D7000F1B421 /* HomeVc.swift in Sources */,
				B36E09A2253723E700F1B421 /* Protocols.swift in Sources */,
				B36E09932536E6CC00F1B421 /* MainVc.swift in Sources */,
				B34F7A7525460932004AB82B /* PendingNoteVc.swift in Sources */,
				B37BF2D52570B4DA00421DEB /* ScanCell.swift in Sources */,
				B35253C5253C309600AF71DF /* MapsModel.swift in Sources */,
				B3544F23253D3ECD00B6A001 /* ProfileViewController.swift in Sources */,
				B3E256422589AD0D00CDED81 /* ImageCell.swift in Sources */,
				B3A0521725773CBD00BC6FE0 /* Encrypt.swift in Sources */,
				B326FF7425612CF00067C0DE /* RestView.swift in Sources */,
				B3DE97982555364400A30892 /* DayOffVc.swift in Sources */,
				B36C4FB92578B7BB002C4D06 /* PendingCell.swift in Sources */,
				B3F79C872573A542003455D1 /* DatabaseManager.swift in Sources */,
				B3DFFD83256D01F700B3C2D0 /* ShiftTimeModel.swift in Sources */,
				B38C1B0B255E3EC10078EE83 /* ForgotViewModel.swift in Sources */,
				B3544F26253D572700B6A001 /* CardViewController.swift in Sources */,
				B3544F31253D899B00B6A001 /* NotesVC.swift in Sources */,
				B3CEF6572590954E004F0343 /* PendingListView.swift in Sources */,
				B3DE97A02555379300A30892 /* DayOffModel.swift in Sources */,
				B31AF18A2539424C00D693D3 /* LoginModel.swift in Sources */,
				B3B9D593256E07260056D867 /* PresentationController.swift in Sources */,
				B37431F5256219FC0010E0E4 /* PlanCell.swift in Sources */,
				B3B9D596256E107A0056D867 /* ShiftTimeCell.swift in Sources */,
				B32407FB25677A6D00BFF72D /* EditEmail.swift in Sources */,
				B32A388725383207000EFBB6 /* HistoryViewController.swift in Sources */,
				B3F79C8C2573BD31003455D1 /* HistoryCell.swift in Sources */,
				B33B1B0125434D73007BDD3A /* PopUpView.swift in Sources */,
				B3EC8985256B5E3C00D1618D /* Reusable.swift in Sources */,
				B32944CE254205330040E90C /* NoteCell.swift in Sources */,
				B354B121253B8B3E00B5798B /* LiveTrackingVC.swift in Sources */,
				B3F79C922573E3C0003455D1 /* ForgotPassword.swift in Sources */,
				B33DFEBA2563A01D006AF898 /* RegisterViewModel.swift in Sources */,
				B384A3DE256F624900D237CC /* OrderCell.swift in Sources */,
				B326FF712560F0D00067C0DE /* CheckoutNoteView.swift in Sources */,
				B3530923255A536F00B68347 /* Base.swift in Sources */,
				B308DB5F255794B30088D741 /* PlanVc.swift in Sources */,
				B3A0521B2577794A00BC6FE0 /* Preview.swift in Sources */,
				B3B9D59B256E41910056D867 /* ForgotView.swift in Sources */,
				B32944CA2541F8710040E90C /* NoteModel.swift in Sources */,
				B3EC8989256B5ECB00D1618D /* Constraint.swift in Sources */,
				B3E256472589B56900CDED81 /* QuickCell.swift in Sources */,
				B35253C8253C30A900AF71DF /* MapsViewModel.swift in Sources */,
				B33B1B0D2543748A007BDD3A /* ChatModel.swift in Sources */,
				B34F7A7925461F8D004AB82B /* DoneViewController.swift in Sources */,
				B31AF18625393DF800D693D3 /* LoginViewModel.swift in Sources */,
				B36E09762536E11800F1B421 /* SceneDelegate.swift in Sources */,
				B31E53A22587292C004875F2 /* Pangesture.swift in Sources */,
				B3DE97A32555611B00A30892 /* ShiftCell.swift in Sources */,
				B3DE979D255536EC00A30892 /* DayOffViewModel.swift in Sources */,
				B3544F1F253D3E0C00B6A001 /* ChangePasswordVC.swift in Sources */,
				B31E53C5258741A8004875F2 /* ChatView.swift in Sources */,
				B32A3891253836C7000EFBB6 /* OrderTableViewCell.swift in Sources */,
				B3530951255A898F00B68347 /* PreviewNoteView.swift in Sources */,
				B35918302576079B005135A0 /* DetailView.swift in Sources */,
				B384A3E4256F9C2000D237CC /* ListScanView.swift in Sources */,
				B348E8EA2588B0FE00133CB8 /* CustomCellChat.swift in Sources */,
				B3530946255A631700B68347 /* RegisterView.swift in Sources */,
				B31AF1A92539F90F00D693D3 /* ProfileViewModel.swift in Sources */,
				B3CEF63C25904829004F0343 /* Response.swift in Sources */,
				B33DFEB72563A00A006AF898 /* RegisterModel.swift in Sources */,
				B3DFFD86256D02E000B3C2D0 /* ShiftTimeViewModel.swift in Sources */,
				B335EC1E257104230082DF1D /* TabBarView.swift in Sources */,
				B31AF1A62539F6FD00D693D3 /* UserModel.swift in Sources */,
				B328BB9B2550168C00FACA03 /* ActionCell.swift in Sources */,
				B38C1B11255E6B360078EE83 /* InOutModel.swift in Sources */,
				B3B9D58F256E00DE0056D867 /* SelectShift.swift in Sources */,
				B384A3E7256F9C6700D237CC /* InputCode.swift in Sources */,
				B35598E62541ED2300866C10 /* OrderViewModel.swift in Sources */,
				B354B11B253B7B3600B5798B /* OrderModel.swift in Sources */,
				B32944D1254213520040E90C /* EditProfileVc.swift in Sources */,
				B33B1B0A2543747C007BDD3A /* ChatViewModel.swift in Sources */,
				B353094E255A76DF00B68347 /* EditNoteView.swift in Sources */,
			);
			runOnlyForDeploymentPostprocessing = 0;
		};
/* End PBXSourcesBuildPhase section */

/* Begin PBXVariantGroup section */
		B345DE30258B349C00AE87B0 /* Localizable.strings */ = {
			isa = PBXVariantGroup;
			children = (
				B345DE2F258B349C00AE87B0 /* en */,
				B345DE31258B34FE00AE87B0 /* ja */,
			);
			name = Localizable.strings;
			sourceTree = "<group>";
		};
		B36E097E2536E11B00F1B421 /* LaunchScreen.storyboard */ = {
			isa = PBXVariantGroup;
			children = (
				B36E097F2536E11B00F1B421 /* Base */,
			);
			name = LaunchScreen.storyboard;
			sourceTree = "<group>";
		};
/* End PBXVariantGroup section */

/* Begin XCBuildConfiguration section */
		B36E09822536E11B00F1B421 /* Debug */ = {
			isa = XCBuildConfiguration;
			buildSettings = {
				ALWAYS_SEARCH_USER_PATHS = NO;
				CLANG_ANALYZER_LOCALIZABILITY_NONLOCALIZED = YES;
				CLANG_ANALYZER_NONNULL = YES;
				CLANG_ANALYZER_NUMBER_OBJECT_CONVERSION = YES_AGGRESSIVE;
				CLANG_CXX_LANGUAGE_STANDARD = "gnu++14";
				CLANG_CXX_LIBRARY = "libc++";
				CLANG_ENABLE_MODULES = YES;
				CLANG_ENABLE_OBJC_ARC = YES;
				CLANG_ENABLE_OBJC_WEAK = YES;
				CLANG_WARN_BLOCK_CAPTURE_AUTORELEASING = YES;
				CLANG_WARN_BOOL_CONVERSION = YES;
				CLANG_WARN_COMMA = YES;
				CLANG_WARN_CONSTANT_CONVERSION = YES;
				CLANG_WARN_DEPRECATED_OBJC_IMPLEMENTATIONS = YES;
				CLANG_WARN_DIRECT_OBJC_ISA_USAGE = YES_ERROR;
				CLANG_WARN_DOCUMENTATION_COMMENTS = YES;
				CLANG_WARN_EMPTY_BODY = YES;
				CLANG_WARN_ENUM_CONVERSION = YES;
				CLANG_WARN_INFINITE_RECURSION = YES;
				CLANG_WARN_INT_CONVERSION = YES;
				CLANG_WARN_NON_LITERAL_NULL_CONVERSION = YES;
				CLANG_WARN_OBJC_IMPLICIT_RETAIN_SELF = YES;
				CLANG_WARN_OBJC_LITERAL_CONVERSION = YES;
				CLANG_WARN_OBJC_ROOT_CLASS = YES_ERROR;
				CLANG_WARN_QUOTED_INCLUDE_IN_FRAMEWORK_HEADER = YES;
				CLANG_WARN_RANGE_LOOP_ANALYSIS = YES;
				CLANG_WARN_STRICT_PROTOTYPES = YES;
				CLANG_WARN_SUSPICIOUS_MOVE = YES;
				CLANG_WARN_UNGUARDED_AVAILABILITY = YES_AGGRESSIVE;
				CLANG_WARN_UNREACHABLE_CODE = YES;
				CLANG_WARN__DUPLICATE_METHOD_MATCH = YES;
				COPY_PHASE_STRIP = NO;
				DEBUG_INFORMATION_FORMAT = dwarf;
				ENABLE_STRICT_OBJC_MSGSEND = YES;
				ENABLE_TESTABILITY = YES;
				GCC_C_LANGUAGE_STANDARD = gnu11;
				GCC_DYNAMIC_NO_PIC = NO;
				GCC_NO_COMMON_BLOCKS = YES;
				GCC_OPTIMIZATION_LEVEL = 0;
				GCC_PREPROCESSOR_DEFINITIONS = (
					"DEBUG=1",
					"$(inherited)",
				);
				GCC_WARN_64_TO_32_BIT_CONVERSION = YES;
				GCC_WARN_ABOUT_RETURN_TYPE = YES_ERROR;
				GCC_WARN_UNDECLARED_SELECTOR = YES;
				GCC_WARN_UNINITIALIZED_AUTOS = YES_AGGRESSIVE;
				GCC_WARN_UNUSED_FUNCTION = YES;
				GCC_WARN_UNUSED_VARIABLE = YES;
				IPHONEOS_DEPLOYMENT_TARGET = 12.0;
				MTL_ENABLE_DEBUG_INFO = INCLUDE_SOURCE;
				MTL_FAST_MATH = YES;
				ONLY_ACTIVE_ARCH = YES;
				SDKROOT = iphoneos;
				SWIFT_ACTIVE_COMPILATION_CONDITIONS = DEBUG;
				SWIFT_OPTIMIZATION_LEVEL = "-Onone";
			};
			name = Debug;
		};
		B36E09832536E11B00F1B421 /* Release */ = {
			isa = XCBuildConfiguration;
			buildSettings = {
				ALWAYS_SEARCH_USER_PATHS = NO;
				CLANG_ANALYZER_LOCALIZABILITY_NONLOCALIZED = YES;
				CLANG_ANALYZER_NONNULL = YES;
				CLANG_ANALYZER_NUMBER_OBJECT_CONVERSION = YES_AGGRESSIVE;
				CLANG_CXX_LANGUAGE_STANDARD = "gnu++14";
				CLANG_CXX_LIBRARY = "libc++";
				CLANG_ENABLE_MODULES = YES;
				CLANG_ENABLE_OBJC_ARC = YES;
				CLANG_ENABLE_OBJC_WEAK = YES;
				CLANG_WARN_BLOCK_CAPTURE_AUTORELEASING = YES;
				CLANG_WARN_BOOL_CONVERSION = YES;
				CLANG_WARN_COMMA = YES;
				CLANG_WARN_CONSTANT_CONVERSION = YES;
				CLANG_WARN_DEPRECATED_OBJC_IMPLEMENTATIONS = YES;
				CLANG_WARN_DIRECT_OBJC_ISA_USAGE = YES_ERROR;
				CLANG_WARN_DOCUMENTATION_COMMENTS = YES;
				CLANG_WARN_EMPTY_BODY = YES;
				CLANG_WARN_ENUM_CONVERSION = YES;
				CLANG_WARN_INFINITE_RECURSION = YES;
				CLANG_WARN_INT_CONVERSION = YES;
				CLANG_WARN_NON_LITERAL_NULL_CONVERSION = YES;
				CLANG_WARN_OBJC_IMPLICIT_RETAIN_SELF = YES;
				CLANG_WARN_OBJC_LITERAL_CONVERSION = YES;
				CLANG_WARN_OBJC_ROOT_CLASS = YES_ERROR;
				CLANG_WARN_QUOTED_INCLUDE_IN_FRAMEWORK_HEADER = YES;
				CLANG_WARN_RANGE_LOOP_ANALYSIS = YES;
				CLANG_WARN_STRICT_PROTOTYPES = YES;
				CLANG_WARN_SUSPICIOUS_MOVE = YES;
				CLANG_WARN_UNGUARDED_AVAILABILITY = YES_AGGRESSIVE;
				CLANG_WARN_UNREACHABLE_CODE = YES;
				CLANG_WARN__DUPLICATE_METHOD_MATCH = YES;
				COPY_PHASE_STRIP = NO;
				DEBUG_INFORMATION_FORMAT = "dwarf-with-dsym";
				ENABLE_NS_ASSERTIONS = NO;
				ENABLE_STRICT_OBJC_MSGSEND = YES;
				GCC_C_LANGUAGE_STANDARD = gnu11;
				GCC_NO_COMMON_BLOCKS = YES;
				GCC_WARN_64_TO_32_BIT_CONVERSION = YES;
				GCC_WARN_ABOUT_RETURN_TYPE = YES_ERROR;
				GCC_WARN_UNDECLARED_SELECTOR = YES;
				GCC_WARN_UNINITIALIZED_AUTOS = YES_AGGRESSIVE;
				GCC_WARN_UNUSED_FUNCTION = YES;
				GCC_WARN_UNUSED_VARIABLE = YES;
				IPHONEOS_DEPLOYMENT_TARGET = 12.0;
				MTL_ENABLE_DEBUG_INFO = NO;
				MTL_FAST_MATH = YES;
				SDKROOT = iphoneos;
				SWIFT_COMPILATION_MODE = wholemodule;
				SWIFT_OPTIMIZATION_LEVEL = "-O";
				VALIDATE_PRODUCT = YES;
			};
			name = Release;
		};
		B36E09852536E11B00F1B421 /* Debug */ = {
			isa = XCBuildConfiguration;
			baseConfigurationReference = 099DA34B7635DDCE49EB81A0 /* Pods-DriverApp.debug.xcconfig */;
			buildSettings = {
				ASSETCATALOG_COMPILER_APPICON_NAME = AppIcon;
				ASSETCATALOG_COMPILER_GLOBAL_ACCENT_COLOR_NAME = AccentColor;
				CODE_SIGN_STYLE = Automatic;
				DEBUG_INFORMATION_FORMAT = "dwarf-with-dsym";
				DEVELOPMENT_TEAM = 8B6B66279C;
				INFOPLIST_FILE = DriverApp/Info.plist;
				IPHONEOS_DEPLOYMENT_TARGET = 12.0;
				LD_RUNPATH_SEARCH_PATHS = (
					"$(inherited)",
					"@executable_path/Frameworks",
				);
				PRODUCT_BUNDLE_IDENTIFIER = com.bmg.DriverApp;
				PRODUCT_NAME = "$(TARGET_NAME)";
				SWIFT_VERSION = 5.0;
				TARGETED_DEVICE_FAMILY = "1,2";
			};
			name = Debug;
		};
		B36E09862536E11B00F1B421 /* Release */ = {
			isa = XCBuildConfiguration;
			baseConfigurationReference = DA329FD1DCFDA22A52414B86 /* Pods-DriverApp.release.xcconfig */;
			buildSettings = {
				ASSETCATALOG_COMPILER_APPICON_NAME = AppIcon;
				ASSETCATALOG_COMPILER_GLOBAL_ACCENT_COLOR_NAME = AccentColor;
				CODE_SIGN_STYLE = Automatic;
				DEBUG_INFORMATION_FORMAT = "dwarf-with-dsym";
				DEVELOPMENT_TEAM = 8B6B66279C;
				INFOPLIST_FILE = DriverApp/Info.plist;
				IPHONEOS_DEPLOYMENT_TARGET = 12.0;
				LD_RUNPATH_SEARCH_PATHS = (
					"$(inherited)",
					"@executable_path/Frameworks",
				);
				PRODUCT_BUNDLE_IDENTIFIER = com.bmg.DriverApp;
				PRODUCT_NAME = "$(TARGET_NAME)";
				SWIFT_VERSION = 5.0;
				TARGETED_DEVICE_FAMILY = "1,2";
			};
			name = Release;
		};
/* End XCBuildConfiguration section */

/* Begin XCConfigurationList section */
		B36E096B2536E11800F1B421 /* Build configuration list for PBXProject "DriverApp" */ = {
			isa = XCConfigurationList;
			buildConfigurations = (
				B36E09822536E11B00F1B421 /* Debug */,
				B36E09832536E11B00F1B421 /* Release */,
			);
			defaultConfigurationIsVisible = 0;
			defaultConfigurationName = Debug;
		};
		B36E09842536E11B00F1B421 /* Build configuration list for PBXNativeTarget "DriverApp" */ = {
			isa = XCConfigurationList;
			buildConfigurations = (
				B36E09852536E11B00F1B421 /* Debug */,
				B36E09862536E11B00F1B421 /* Release */,
			);
			defaultConfigurationIsVisible = 0;
			defaultConfigurationName = Debug;
		};
/* End XCConfigurationList section */

/* Begin XCRemoteSwiftPackageReference section */
		B32A389325386C2D000EFBB6 /* XCRemoteSwiftPackageReference "aes-everywhere-swift" */ = {
			isa = XCRemoteSwiftPackageReference;
			repositoryURL = "https://github.com/mervick/aes-everywhere-swift.git";
			requirement = {
				kind = upToNextMajorVersion;
				minimumVersion = 1.2.0;
			};
		};
/* End XCRemoteSwiftPackageReference section */

/* Begin XCSwiftPackageProductDependency section */
		B32A389425386C2E000EFBB6 /* AesEverywhere */ = {
			isa = XCSwiftPackageProductDependency;
			package = B32A389325386C2D000EFBB6 /* XCRemoteSwiftPackageReference "aes-everywhere-swift" */;
			productName = AesEverywhere;
		};
/* End XCSwiftPackageProductDependency section */
	};
	rootObject = B36E09682536E11800F1B421 /* Project object */;
}
